// !$*UTF8*$!
{
	archiveVersion = 1;
	classes = {
	};
	objectVersion = 55;
	objects = {

/* Begin PBXBuildFile section */
		0570803B28786E41009C9109 /* RecipeFeaturedView.swift in Sources */ = {isa = PBXBuildFile; fileRef = 0570803A28786E41009C9109 /* RecipeFeaturedView.swift */; };
		05EC69332873E7A6003B3C9C /* Recipe_List_App.swift in Sources */ = {isa = PBXBuildFile; fileRef = 05EC69322873E7A6003B3C9C /* Recipe_List_App.swift */; };
		05EC69352873E7A6003B3C9C /* RecipeListView.swift in Sources */ = {isa = PBXBuildFile; fileRef = 05EC69342873E7A6003B3C9C /* RecipeListView.swift */; };
		05EC69372873E7A7003B3C9C /* Assets.xcassets in Resources */ = {isa = PBXBuildFile; fileRef = 05EC69362873E7A7003B3C9C /* Assets.xcassets */; };
		05EC693A2873E7A7003B3C9C /* Preview Assets.xcassets in Resources */ = {isa = PBXBuildFile; fileRef = 05EC69392873E7A7003B3C9C /* Preview Assets.xcassets */; };
		05EC69462873E8CD003B3C9C /* recipes.json in Resources */ = {isa = PBXBuildFile; fileRef = 05EC69452873E8CD003B3C9C /* recipes.json */; };
		05EC69482873E8F7003B3C9C /* Recipe.swift in Sources */ = {isa = PBXBuildFile; fileRef = 05EC69472873E8F7003B3C9C /* Recipe.swift */; };
		05EC694A2873EEE7003B3C9C /* RecipeModel.swift in Sources */ = {isa = PBXBuildFile; fileRef = 05EC69492873EEE7003B3C9C /* RecipeModel.swift */; };
		05EC694D2873F4AE003B3C9C /* DataService.swift in Sources */ = {isa = PBXBuildFile; fileRef = 05EC694C2873F4AE003B3C9C /* DataService.swift */; };
		05EC695628749EFB003B3C9C /* RecipeDetailView.swift in Sources */ = {isa = PBXBuildFile; fileRef = 05EC695528749EFB003B3C9C /* RecipeDetailView.swift */; };
		05EC69B928768A87003B3C9C /* RecipeTabView.swift in Sources */ = {isa = PBXBuildFile; fileRef = 05EC69B828768A87003B3C9C /* RecipeTabView.swift */; };
/* End PBXBuildFile section */

/* Begin PBXFileReference section */
		0570803A28786E41009C9109 /* RecipeFeaturedView.swift */ = {isa = PBXFileReference; lastKnownFileType = sourcecode.swift; path = RecipeFeaturedView.swift; sourceTree = "<group>"; };
		05EC692F2873E7A6003B3C9C /* Recipe List App.app */ = {isa = PBXFileReference; explicitFileType = wrapper.application; includeInIndex = 0; path = "Recipe List App.app"; sourceTree = BUILT_PRODUCTS_DIR; };
		05EC69322873E7A6003B3C9C /* Recipe_List_App.swift */ = {isa = PBXFileReference; lastKnownFileType = sourcecode.swift; path = Recipe_List_App.swift; sourceTree = "<group>"; };
		05EC69342873E7A6003B3C9C /* RecipeListView.swift */ = {isa = PBXFileReference; lastKnownFileType = sourcecode.swift; path = RecipeListView.swift; sourceTree = "<group>"; };
		05EC69362873E7A7003B3C9C /* Assets.xcassets */ = {isa = PBXFileReference; lastKnownFileType = folder.assetcatalog; path = Assets.xcassets; sourceTree = "<group>"; };
		05EC69392873E7A7003B3C9C /* Preview Assets.xcassets */ = {isa = PBXFileReference; lastKnownFileType = folder.assetcatalog; path = "Preview Assets.xcassets"; sourceTree = "<group>"; };
		05EC69452873E8CD003B3C9C /* recipes.json */ = {isa = PBXFileReference; fileEncoding = 4; lastKnownFileType = text.json; name = recipes.json; path = "../../../../../Downloads/iOS Foundations 2021/Module 2/Lesson 13/Recipe List App/Recipe List App/Data/recipes.json"; sourceTree = "<group>"; };
		05EC69472873E8F7003B3C9C /* Recipe.swift */ = {isa = PBXFileReference; lastKnownFileType = sourcecode.swift; path = Recipe.swift; sourceTree = "<group>"; };
		05EC69492873EEE7003B3C9C /* RecipeModel.swift */ = {isa = PBXFileReference; lastKnownFileType = sourcecode.swift; path = RecipeModel.swift; sourceTree = "<group>"; };
		05EC694C2873F4AE003B3C9C /* DataService.swift */ = {isa = PBXFileReference; lastKnownFileType = sourcecode.swift; path = DataService.swift; sourceTree = "<group>"; };
		05EC695528749EFB003B3C9C /* RecipeDetailView.swift */ = {isa = PBXFileReference; lastKnownFileType = sourcecode.swift; path = RecipeDetailView.swift; sourceTree = "<group>"; };
		05EC69B828768A87003B3C9C /* RecipeTabView.swift */ = {isa = PBXFileReference; lastKnownFileType = sourcecode.swift; path = RecipeTabView.swift; sourceTree = "<group>"; };
/* End PBXFileReference section */

/* Begin PBXFrameworksBuildPhase section */
		05EC692C2873E7A6003B3C9C /* Frameworks */ = {
			isa = PBXFrameworksBuildPhase;
			buildActionMask = 2147483647;
			files = (
			);
			runOnlyForDeploymentPostprocessing = 0;
		};
/* End PBXFrameworksBuildPhase section */

/* Begin PBXGroup section */
		05EC69262873E7A6003B3C9C = {
			isa = PBXGroup;
			children = (
				05EC69312873E7A6003B3C9C /* Recipe List App */,
				05EC69302873E7A6003B3C9C /* Products */,
			);
			sourceTree = "<group>";
		};
		05EC69302873E7A6003B3C9C /* Products */ = {
			isa = PBXGroup;
			children = (
				05EC692F2873E7A6003B3C9C /* Recipe List App.app */,
			);
			name = Products;
			sourceTree = "<group>";
		};
		05EC69312873E7A6003B3C9C /* Recipe List App */ = {
			isa = PBXGroup;
			children = (
				05EC694B2873F45E003B3C9C /* Services */,
				05EC69442873E8BD003B3C9C /* Data */,
				05EC69422873E87E003B3C9C /* ViewModels */,
				05EC69412873E874003B3C9C /* Models */,
				05EC69402873E86C003B3C9C /* Views */,
				05EC69322873E7A6003B3C9C /* Recipe_List_App.swift */,
				05EC69362873E7A7003B3C9C /* Assets.xcassets */,
				05EC69382873E7A7003B3C9C /* Preview Content */,
			);
			path = "Recipe List App";
			sourceTree = "<group>";
		};
		05EC69382873E7A7003B3C9C /* Preview Content */ = {
			isa = PBXGroup;
			children = (
				05EC69392873E7A7003B3C9C /* Preview Assets.xcassets */,
			);
			path = "Preview Content";
			sourceTree = "<group>";
		};
		05EC69402873E86C003B3C9C /* Views */ = {
			isa = PBXGroup;
			children = (
				05EC69342873E7A6003B3C9C /* RecipeListView.swift */,
				05EC695528749EFB003B3C9C /* RecipeDetailView.swift */,
				05EC69B828768A87003B3C9C /* RecipeTabView.swift */,
				0570803A28786E41009C9109 /* RecipeFeaturedView.swift */,
			);
			path = Views;
			sourceTree = "<group>";
		};
		05EC69412873E874003B3C9C /* Models */ = {
			isa = PBXGroup;
			children = (
				05EC69472873E8F7003B3C9C /* Recipe.swift */,
			);
			path = Models;
			sourceTree = "<group>";
		};
		05EC69422873E87E003B3C9C /* ViewModels */ = {
			isa = PBXGroup;
			children = (
				05EC69492873EEE7003B3C9C /* RecipeModel.swift */,
			);
			path = ViewModels;
			sourceTree = "<group>";
		};
		05EC69442873E8BD003B3C9C /* Data */ = {
			isa = PBXGroup;
			children = (
				05EC69452873E8CD003B3C9C /* recipes.json */,
			);
			path = Data;
			sourceTree = "<group>";
		};
		05EC694B2873F45E003B3C9C /* Services */ = {
			isa = PBXGroup;
			children = (
				05EC694C2873F4AE003B3C9C /* DataService.swift */,
			);
			path = Services;
			sourceTree = "<group>";
		};
/* End PBXGroup section */

/* Begin PBXNativeTarget section */
		05EC692E2873E7A6003B3C9C /* Recipe List App */ = {
			isa = PBXNativeTarget;
			buildConfigurationList = 05EC693D2873E7A7003B3C9C /* Build configuration list for PBXNativeTarget "Recipe List App" */;
			buildPhases = (
				05EC692B2873E7A6003B3C9C /* Sources */,
				05EC692C2873E7A6003B3C9C /* Frameworks */,
				05EC692D2873E7A6003B3C9C /* Resources */,
			);
			buildRules = (
			);
			dependencies = (
			);
			name = "Recipe List App";
			productName = "Recipe List App";
			productReference = 05EC692F2873E7A6003B3C9C /* Recipe List App.app */;
			productType = "com.apple.product-type.application";
		};
/* End PBXNativeTarget section */

/* Begin PBXProject section */
		05EC69272873E7A6003B3C9C /* Project object */ = {
			isa = PBXProject;
			attributes = {
				BuildIndependentTargetsInParallel = 1;
				LastSwiftUpdateCheck = 1340;
				LastUpgradeCheck = 1340;
				TargetAttributes = {
					05EC692E2873E7A6003B3C9C = {
						CreatedOnToolsVersion = 13.4.1;
					};
				};
			};
			buildConfigurationList = 05EC692A2873E7A6003B3C9C /* Build configuration list for PBXProject "Recipe List App" */;
			compatibilityVersion = "Xcode 13.0";
			developmentRegion = en;
			hasScannedForEncodings = 0;
			knownRegions = (
				en,
				Base,
			);
			mainGroup = 05EC69262873E7A6003B3C9C;
			productRefGroup = 05EC69302873E7A6003B3C9C /* Products */;
			projectDirPath = "";
			projectRoot = "";
			targets = (
				05EC692E2873E7A6003B3C9C /* Recipe List App */,
			);
		};
/* End PBXProject section */

/* Begin PBXResourcesBuildPhase section */
		05EC692D2873E7A6003B3C9C /* Resources */ = {
			isa = PBXResourcesBuildPhase;
			buildActionMask = 2147483647;
			files = (
				05EC693A2873E7A7003B3C9C /* Preview Assets.xcassets in Resources */,
				05EC69462873E8CD003B3C9C /* recipes.json in Resources */,
				05EC69372873E7A7003B3C9C /* Assets.xcassets in Resources */,
			);
			runOnlyForDeploymentPostprocessing = 0;
		};
/* End PBXResourcesBuildPhase section */

/* Begin PBXSourcesBuildPhase section */
		05EC692B2873E7A6003B3C9C /* Sources */ = {
			isa = PBXSourcesBuildPhase;
			buildActionMask = 2147483647;
			files = (
				05EC69482873E8F7003B3C9C /* Recipe.swift in Sources */,
				05EC695628749EFB003B3C9C /* RecipeDetailView.swift in Sources */,
				05EC694A2873EEE7003B3C9C /* RecipeModel.swift in Sources */,
				05EC69352873E7A6003B3C9C /* RecipeListView.swift in Sources */,
				05EC69332873E7A6003B3C9C /* Recipe_List_App.swift in Sources */,
				05EC694D2873F4AE003B3C9C /* DataService.swift in Sources */,
				0570803B28786E41009C9109 /* RecipeFeaturedView.swift in Sources */,
				05EC69B928768A87003B3C9C /* RecipeTabView.swift in Sources */,
			);
			runOnlyForDeploymentPostprocessing = 0;
		};
/* End PBXSourcesBuildPhase section */

/* Begin XCBuildConfiguration section */
		05EC693B2873E7A7003B3C9C /* Debug */ = {
			isa = XCBuildConfiguration;
			buildSettings = {
				ALWAYS_SEARCH_USER_PATHS = NO;
				CLANG_ANALYZER_NONNULL = YES;
				CLANG_ANALYZER_NUMBER_OBJECT_CONVERSION = YES_AGGRESSIVE;
				CLANG_CXX_LANGUAGE_STANDARD = "gnu++17";
				CLANG_ENABLE_MODULES = YES;
				CLANG_ENABLE_OBJC_ARC = YES;
				CLANG_ENABLE_OBJC_WEAK = YES;
				CLANG_WARN_BLOCK_CAPTURE_AUTORELEASING = YES;
				CLANG_WARN_BOOL_CONVERSION = YES;
				CLANG_WARN_COMMA = YES;
				CLANG_WARN_CONSTANT_CONVERSION = YES;
				CLANG_WARN_DEPRECATED_OBJC_IMPLEMENTATIONS = YES;
				CLANG_WARN_DIRECT_OBJC_ISA_USAGE = YES_ERROR;
				CLANG_WARN_DOCUMENTATION_COMMENTS = YES;
				CLANG_WARN_EMPTY_BODY = YES;
				CLANG_WARN_ENUM_CONVERSION = YES;
				CLANG_WARN_INFINITE_RECURSION = YES;
				CLANG_WARN_INT_CONVERSION = YES;
				CLANG_WARN_NON_LITERAL_NULL_CONVERSION = YES;
				CLANG_WARN_OBJC_IMPLICIT_RETAIN_SELF = YES;
				CLANG_WARN_OBJC_LITERAL_CONVERSION = YES;
				CLANG_WARN_OBJC_ROOT_CLASS = YES_ERROR;
				CLANG_WARN_QUOTED_INCLUDE_IN_FRAMEWORK_HEADER = YES;
				CLANG_WARN_RANGE_LOOP_ANALYSIS = YES;
				CLANG_WARN_STRICT_PROTOTYPES = YES;
				CLANG_WARN_SUSPICIOUS_MOVE = YES;
				CLANG_WARN_UNGUARDED_AVAILABILITY = YES_AGGRESSIVE;
				CLANG_WARN_UNREACHABLE_CODE = YES;
				CLANG_WARN__DUPLICATE_METHOD_MATCH = YES;
				COPY_PHASE_STRIP = NO;
				DEBUG_INFORMATION_FORMAT = dwarf;
				ENABLE_STRICT_OBJC_MSGSEND = YES;
				ENABLE_TESTABILITY = YES;
				GCC_C_LANGUAGE_STANDARD = gnu11;
				GCC_DYNAMIC_NO_PIC = NO;
				GCC_NO_COMMON_BLOCKS = YES;
				GCC_OPTIMIZATION_LEVEL = 0;
				GCC_PREPROCESSOR_DEFINITIONS = (
					"DEBUG=1",
					"$(inherited)",
				);
				GCC_WARN_64_TO_32_BIT_CONVERSION = YES;
				GCC_WARN_ABOUT_RETURN_TYPE = YES_ERROR;
				GCC_WARN_UNDECLARED_SELECTOR = YES;
				GCC_WARN_UNINITIALIZED_AUTOS = YES_AGGRESSIVE;
				GCC_WARN_UNUSED_FUNCTION = YES;
				GCC_WARN_UNUSED_VARIABLE = YES;
				IPHONEOS_DEPLOYMENT_TARGET = 15.5;
				MTL_ENABLE_DEBUG_INFO = INCLUDE_SOURCE;
				MTL_FAST_MATH = YES;
				ONLY_ACTIVE_ARCH = YES;
				SDKROOT = iphoneos;
				SWIFT_ACTIVE_COMPILATION_CONDITIONS = DEBUG;
				SWIFT_OPTIMIZATION_LEVEL = "-Onone";
			};
			name = Debug;
		};
		05EC693C2873E7A7003B3C9C /* Release */ = {
			isa = XCBuildConfiguration;
			buildSettings = {
				ALWAYS_SEARCH_USER_PATHS = NO;
				CLANG_ANALYZER_NONNULL = YES;
				CLANG_ANALYZER_NUMBER_OBJECT_CONVERSION = YES_AGGRESSIVE;
				CLANG_CXX_LANGUAGE_STANDARD = "gnu++17";
				CLANG_ENABLE_MODULES = YES;
				CLANG_ENABLE_OBJC_ARC = YES;
				CLANG_ENABLE_OBJC_WEAK = YES;
				CLANG_WARN_BLOCK_CAPTURE_AUTORELEASING = YES;
				CLANG_WARN_BOOL_CONVERSION = YES;
				CLANG_WARN_COMMA = YES;
				CLANG_WARN_CONSTANT_CONVERSION = YES;
				CLANG_WARN_DEPRECATED_OBJC_IMPLEMENTATIONS = YES;
				CLANG_WARN_DIRECT_OBJC_ISA_USAGE = YES_ERROR;
				CLANG_WARN_DOCUMENTATION_COMMENTS = YES;
				CLANG_WARN_EMPTY_BODY = YES;
				CLANG_WARN_ENUM_CONVERSION = YES;
				CLANG_WARN_INFINITE_RECURSION = YES;
				CLANG_WARN_INT_CONVERSION = YES;
				CLANG_WARN_NON_LITERAL_NULL_CONVERSION = YES;
				CLANG_WARN_OBJC_IMPLICIT_RETAIN_SELF = YES;
				CLANG_WARN_OBJC_LITERAL_CONVERSION = YES;
				CLANG_WARN_OBJC_ROOT_CLASS = YES_ERROR;
				CLANG_WARN_QUOTED_INCLUDE_IN_FRAMEWORK_HEADER = YES;
				CLANG_WARN_RANGE_LOOP_ANALYSIS = YES;
				CLANG_WARN_STRICT_PROTOTYPES = YES;
				CLANG_WARN_SUSPICIOUS_MOVE = YES;
				CLANG_WARN_UNGUARDED_AVAILABILITY = YES_AGGRESSIVE;
				CLANG_WARN_UNREACHABLE_CODE = YES;
				CLANG_WARN__DUPLICATE_METHOD_MATCH = YES;
				COPY_PHASE_STRIP = NO;
				DEBUG_INFORMATION_FORMAT = "dwarf-with-dsym";
				ENABLE_NS_ASSERTIONS = NO;
				ENABLE_STRICT_OBJC_MSGSEND = YES;
				GCC_C_LANGUAGE_STANDARD = gnu11;
				GCC_NO_COMMON_BLOCKS = YES;
				GCC_WARN_64_TO_32_BIT_CONVERSION = YES;
				GCC_WARN_ABOUT_RETURN_TYPE = YES_ERROR;
				GCC_WARN_UNDECLARED_SELECTOR = YES;
				GCC_WARN_UNINITIALIZED_AUTOS = YES_AGGRESSIVE;
				GCC_WARN_UNUSED_FUNCTION = YES;
				GCC_WARN_UNUSED_VARIABLE = YES;
				IPHONEOS_DEPLOYMENT_TARGET = 15.5;
				MTL_ENABLE_DEBUG_INFO = NO;
				MTL_FAST_MATH = YES;
				SDKROOT = iphoneos;
				SWIFT_COMPILATION_MODE = wholemodule;
				SWIFT_OPTIMIZATION_LEVEL = "-O";
				VALIDATE_PRODUCT = YES;
			};
			name = Release;
		};
		05EC693E2873E7A7003B3C9C /* Debug */ = {
			isa = XCBuildConfiguration;
			buildSettings = {
				ASSETCATALOG_COMPILER_APPICON_NAME = AppIcon;
				ASSETCATALOG_COMPILER_GLOBAL_ACCENT_COLOR_NAME = AccentColor;
				CODE_SIGN_STYLE = Automatic;
				CURRENT_PROJECT_VERSION = 1;
				DEVELOPMENT_ASSET_PATHS = "\"Recipe List App/Preview Content\"";
				DEVELOPMENT_TEAM = 29955KP3ZL;
				ENABLE_PREVIEWS = YES;
				GENERATE_INFOPLIST_FILE = YES;
				INFOPLIST_KEY_UIApplicationSceneManifest_Generation = YES;
				INFOPLIST_KEY_UIApplicationSupportsIndirectInputEvents = YES;
				INFOPLIST_KEY_UILaunchScreen_Generation = YES;
				INFOPLIST_KEY_UISupportedInterfaceOrientations_iPad = "UIInterfaceOrientationPortrait UIInterfaceOrientationPortraitUpsideDown UIInterfaceOrientationLandscapeLeft UIInterfaceOrientationLandscapeRight";
				INFOPLIST_KEY_UISupportedInterfaceOrientations_iPhone = "UIInterfaceOrientationPortrait UIInterfaceOrientationLandscapeLeft UIInterfaceOrientationLandscapeRight";
				LD_RUNPATH_SEARCH_PATHS = (
					"$(inherited)",
					"@executable_path/Frameworks",
				);
				MARKETING_VERSION = 1.0;
				PRODUCT_BUNDLE_IDENTIFIER = "k2tam.Recipe-List-App";
				PRODUCT_NAME = "$(TARGET_NAME)";
				SWIFT_EMIT_LOC_STRINGS = YES;
				SWIFT_VERSION = 5.0;
				TARGETED_DEVICE_FAMILY = "1,2";
			};
			name = Debug;
		};
		05EC693F2873E7A7003B3C9C /* Release */ = {
			isa = XCBuildConfiguration;
			buildSettings = {
				ASSETCATALOG_COMPILER_APPICON_NAME = AppIcon;
				ASSETCATALOG_COMPILER_GLOBAL_ACCENT_COLOR_NAME = AccentColor;
				CODE_SIGN_STYLE = Automatic;
				CURRENT_PROJECT_VERSION = 1;
				DEVELOPMENT_ASSET_PATHS = "\"Recipe List App/Preview Content\"";
				DEVELOPMENT_TEAM = 29955KP3ZL;
				ENABLE_PREVIEWS = YES;
				GENERATE_INFOPLIST_FILE = YES;
				INFOPLIST_KEY_UIApplicationSceneManifest_Generation = YES;
				INFOPLIST_KEY_UIApplicationSupportsIndirectInputEvents = YES;
				INFOPLIST_KEY_UILaunchScreen_Generation = YES;
				INFOPLIST_KEY_UISupportedInterfaceOrientations_iPad = "UIInterfaceOrientationPortrait UIInterfaceOrientationPortraitUpsideDown UIInterfaceOrientationLandscapeLeft UIInterfaceOrientationLandscapeRight";
				INFOPLIST_KEY_UISupportedInterfaceOrientations_iPhone = "UIInterfaceOrientationPortrait UIInterfaceOrientationLandscapeLeft UIInterfaceOrientationLandscapeRight";
				LD_RUNPATH_SEARCH_PATHS = (
					"$(inherited)",
					"@executable_path/Frameworks",
				);
				MARKETING_VERSION = 1.0;
				PRODUCT_BUNDLE_IDENTIFIER = "k2tam.Recipe-List-App";
				PRODUCT_NAME = "$(TARGET_NAME)";
				SWIFT_EMIT_LOC_STRINGS = YES;
				SWIFT_VERSION = 5.0;
				TARGETED_DEVICE_FAMILY = "1,2";
			};
			name = Release;
		};
/* End XCBuildConfiguration section */

/* Begin XCConfigurationList section */
		05EC692A2873E7A6003B3C9C /* Build configuration list for PBXProject "Recipe List App" */ = {
			isa = XCConfigurationList;
			buildConfigurations = (
				05EC693B2873E7A7003B3C9C /* Debug */,
				05EC693C2873E7A7003B3C9C /* Release */,
			);
			defaultConfigurationIsVisible = 0;
			defaultConfigurationName = Release;
		};
		05EC693D2873E7A7003B3C9C /* Build configuration list for PBXNativeTarget "Recipe List App" */ = {
			isa = XCConfigurationList;
			buildConfigurations = (
				05EC693E2873E7A7003B3C9C /* Debug */,
				05EC693F2873E7A7003B3C9C /* Release */,
			);
			defaultConfigurationIsVisible = 0;
			defaultConfigurationName = Release;
		};
/* End XCConfigurationList section */
	};
	rootObject = 05EC69272873E7A6003B3C9C /* Project object */;
}
